// !$*UTF8*$!
{
	archiveVersion = 1;
	classes = {
	};
	objectVersion = 56;
	objects = {

/* Begin PBXBuildFile section */
		CDD8A83539490E69A550E7B7 /* libPods-SwiftBridgePOC.a in Frameworks */ = {isa = PBXBuildFile; fileRef = E874161A82118792FA172513 /* libPods-SwiftBridgePOC.a */; };
		E5BFB7DA2CFF2F68005FD110 /* SwiftBridgePOCApp.swift in Sources */ = {isa = PBXBuildFile; fileRef = E5BFB7D92CFF2F68005FD110 /* SwiftBridgePOCApp.swift */; };
		E5BFB7DE2CFF2F6C005FD110 /* Assets.xcassets in Resources */ = {isa = PBXBuildFile; fileRef = E5BFB7DD2CFF2F6C005FD110 /* Assets.xcassets */; };
		E5BFB7E12CFF2F6C005FD110 /* Preview Assets.xcassets in Resources */ = {isa = PBXBuildFile; fileRef = E5BFB7E02CFF2F6C005FD110 /* Preview Assets.xcassets */; };
		E5BFB7EB2CFF2F6C005FD110 /* SwiftBridgePOCTests.swift in Sources */ = {isa = PBXBuildFile; fileRef = E5BFB7EA2CFF2F6C005FD110 /* SwiftBridgePOCTests.swift */; };
		E5BFB7F52CFF2F6D005FD110 /* SwiftBridgePOCUITests.swift in Sources */ = {isa = PBXBuildFile; fileRef = E5BFB7F42CFF2F6D005FD110 /* SwiftBridgePOCUITests.swift */; };
		E5BFB7F72CFF2F6D005FD110 /* SwiftBridgePOCUITestsLaunchTests.swift in Sources */ = {isa = PBXBuildFile; fileRef = E5BFB7F62CFF2F6D005FD110 /* SwiftBridgePOCUITestsLaunchTests.swift */; };
		E5BFB8042CFF4803005FD110 /* libDoubleConversion.a in Frameworks */ = {isa = PBXBuildFile; fileRef = E5BFB8032CFF4803005FD110 /* libDoubleConversion.a */; };
		E5BFB8062CFF4813005FD110 /* libReact-hermes.a in Frameworks */ = {isa = PBXBuildFile; fileRef = E5BFB8052CFF4813005FD110 /* libReact-hermes.a */; };
		E5BFB8082D004EC3005FD110 /* hermes.xcframework in Frameworks */ = {isa = PBXBuildFile; fileRef = E5BFB8072D004EC3005FD110 /* hermes.xcframework */; };
		E5BFB80A2D0066AC005FD110 /* SwiftView.swift in Sources */ = {isa = PBXBuildFile; fileRef = E5BFB8092D0066AC005FD110 /* SwiftView.swift */; };
		F572C55BD379D433AA653CE2 /* PrivacyInfo.xcprivacy in Resources */ = {isa = PBXBuildFile; fileRef = DA4D4149B859DE60059B5C1F /* PrivacyInfo.xcprivacy */; };
/* End PBXBuildFile section */

/* Begin PBXContainerItemProxy section */
		E5BFB7E72CFF2F6C005FD110 /* PBXContainerItemProxy */ = {
			isa = PBXContainerItemProxy;
			containerPortal = E5BFB7CE2CFF2F68005FD110 /* Project object */;
			proxyType = 1;
			remoteGlobalIDString = E5BFB7D52CFF2F68005FD110;
			remoteInfo = SwiftBridgePOC;
		};
		E5BFB7F12CFF2F6D005FD110 /* PBXContainerItemProxy */ = {
			isa = PBXContainerItemProxy;
			containerPortal = E5BFB7CE2CFF2F68005FD110 /* Project object */;
			proxyType = 1;
			remoteGlobalIDString = E5BFB7D52CFF2F68005FD110;
			remoteInfo = SwiftBridgePOC;
		};
/* End PBXContainerItemProxy section */

/* Begin PBXFileReference section */
		130D42B9D0B167753449ACB5 /* Pods-SwiftBridgePOC.debug.xcconfig */ = {isa = PBXFileReference; includeInIndex = 1; lastKnownFileType = text.xcconfig; name = "Pods-SwiftBridgePOC.debug.xcconfig"; path = "Target Support Files/Pods-SwiftBridgePOC/Pods-SwiftBridgePOC.debug.xcconfig"; sourceTree = "<group>"; };
		DA4D4149B859DE60059B5C1F /* PrivacyInfo.xcprivacy */ = {isa = PBXFileReference; includeInIndex = 1; lastKnownFileType = text.xml; name = PrivacyInfo.xcprivacy; path = ../PrivacyInfo.xcprivacy; sourceTree = "<group>"; };
		E1457BF4CD72A35F46DB9866 /* Pods-SwiftBridgePOC.release.xcconfig */ = {isa = PBXFileReference; includeInIndex = 1; lastKnownFileType = text.xcconfig; name = "Pods-SwiftBridgePOC.release.xcconfig"; path = "Target Support Files/Pods-SwiftBridgePOC/Pods-SwiftBridgePOC.release.xcconfig"; sourceTree = "<group>"; };
		E5BFB7D62CFF2F68005FD110 /* SwiftBridgePOC.app */ = {isa = PBXFileReference; explicitFileType = wrapper.application; includeInIndex = 0; path = SwiftBridgePOC.app; sourceTree = BUILT_PRODUCTS_DIR; };
		E5BFB7D92CFF2F68005FD110 /* SwiftBridgePOCApp.swift */ = {isa = PBXFileReference; lastKnownFileType = sourcecode.swift; path = SwiftBridgePOCApp.swift; sourceTree = "<group>"; };
		E5BFB7DD2CFF2F6C005FD110 /* Assets.xcassets */ = {isa = PBXFileReference; lastKnownFileType = folder.assetcatalog; path = Assets.xcassets; sourceTree = "<group>"; };
		E5BFB7E02CFF2F6C005FD110 /* Preview Assets.xcassets */ = {isa = PBXFileReference; lastKnownFileType = folder.assetcatalog; path = "Preview Assets.xcassets"; sourceTree = "<group>"; };
		E5BFB7E62CFF2F6C005FD110 /* SwiftBridgePOCTests.xctest */ = {isa = PBXFileReference; explicitFileType = wrapper.cfbundle; includeInIndex = 0; path = SwiftBridgePOCTests.xctest; sourceTree = BUILT_PRODUCTS_DIR; };
		E5BFB7EA2CFF2F6C005FD110 /* SwiftBridgePOCTests.swift */ = {isa = PBXFileReference; lastKnownFileType = sourcecode.swift; path = SwiftBridgePOCTests.swift; sourceTree = "<group>"; };
		E5BFB7F02CFF2F6D005FD110 /* SwiftBridgePOCUITests.xctest */ = {isa = PBXFileReference; explicitFileType = wrapper.cfbundle; includeInIndex = 0; path = SwiftBridgePOCUITests.xctest; sourceTree = BUILT_PRODUCTS_DIR; };
		E5BFB7F42CFF2F6D005FD110 /* SwiftBridgePOCUITests.swift */ = {isa = PBXFileReference; lastKnownFileType = sourcecode.swift; path = SwiftBridgePOCUITests.swift; sourceTree = "<group>"; };
		E5BFB7F62CFF2F6D005FD110 /* SwiftBridgePOCUITestsLaunchTests.swift */ = {isa = PBXFileReference; lastKnownFileType = sourcecode.swift; path = SwiftBridgePOCUITestsLaunchTests.swift; sourceTree = "<group>"; };
		E5BFB8032CFF4803005FD110 /* libDoubleConversion.a */ = {isa = PBXFileReference; explicitFileType = archive.ar; path = libDoubleConversion.a; sourceTree = BUILT_PRODUCTS_DIR; };
		E5BFB8052CFF4813005FD110 /* libReact-hermes.a */ = {isa = PBXFileReference; explicitFileType = archive.ar; path = "libReact-hermes.a"; sourceTree = BUILT_PRODUCTS_DIR; };
		E5BFB8072D004EC3005FD110 /* hermes.xcframework */ = {isa = PBXFileReference; lastKnownFileType = wrapper.xcframework; name = hermes.xcframework; path = "Pods/hermes-engine/destroot/Library/Frameworks/universal/hermes.xcframework"; sourceTree = "<group>"; };
		E5BFB8092D0066AC005FD110 /* SwiftView.swift */ = {isa = PBXFileReference; fileEncoding = 4; lastKnownFileType = sourcecode.swift; path = SwiftView.swift; sourceTree = "<group>"; };
		E874161A82118792FA172513 /* libPods-SwiftBridgePOC.a */ = {isa = PBXFileReference; explicitFileType = archive.ar; includeInIndex = 0; path = "libPods-SwiftBridgePOC.a"; sourceTree = BUILT_PRODUCTS_DIR; };
/* End PBXFileReference section */

/* Begin PBXFrameworksBuildPhase section */
		E5BFB7D32CFF2F68005FD110 /* Frameworks */ = {
			isa = PBXFrameworksBuildPhase;
			buildActionMask = 2147483647;
			files = (
				E5BFB8082D004EC3005FD110 /* hermes.xcframework in Frameworks */,
				E5BFB8062CFF4813005FD110 /* libReact-hermes.a in Frameworks */,
				E5BFB8042CFF4803005FD110 /* libDoubleConversion.a in Frameworks */,
				CDD8A83539490E69A550E7B7 /* libPods-SwiftBridgePOC.a in Frameworks */,
			);
			runOnlyForDeploymentPostprocessing = 0;
		};
		E5BFB7E32CFF2F6C005FD110 /* Frameworks */ = {
			isa = PBXFrameworksBuildPhase;
			buildActionMask = 2147483647;
			files = (
			);
			runOnlyForDeploymentPostprocessing = 0;
		};
		E5BFB7ED2CFF2F6D005FD110 /* Frameworks */ = {
			isa = PBXFrameworksBuildPhase;
			buildActionMask = 2147483647;
			files = (
			);
			runOnlyForDeploymentPostprocessing = 0;
		};
/* End PBXFrameworksBuildPhase section */

/* Begin PBXGroup section */
		20EAB1B29EDF6F334558F8B4 /* Frameworks */ = {
			isa = PBXGroup;
			children = (
				E5BFB8072D004EC3005FD110 /* hermes.xcframework */,
				E5BFB8052CFF4813005FD110 /* libReact-hermes.a */,
				E5BFB8032CFF4803005FD110 /* libDoubleConversion.a */,
				E874161A82118792FA172513 /* libPods-SwiftBridgePOC.a */,
			);
			name = Frameworks;
			sourceTree = "<group>";
		};
		CB717801C89622248D67CEF9 /* Pods */ = {
			isa = PBXGroup;
			children = (
				130D42B9D0B167753449ACB5 /* Pods-SwiftBridgePOC.debug.xcconfig */,
				E1457BF4CD72A35F46DB9866 /* Pods-SwiftBridgePOC.release.xcconfig */,
			);
			path = Pods;
			sourceTree = "<group>";
		};
		E5BFB7CD2CFF2F68005FD110 = {
			isa = PBXGroup;
			children = (
				E5BFB7D82CFF2F68005FD110 /* SwiftBridgePOC */,
				E5BFB7E92CFF2F6C005FD110 /* SwiftBridgePOCTests */,
				E5BFB7F32CFF2F6D005FD110 /* SwiftBridgePOCUITests */,
				E5BFB7D72CFF2F68005FD110 /* Products */,
				CB717801C89622248D67CEF9 /* Pods */,
				20EAB1B29EDF6F334558F8B4 /* Frameworks */,
			);
			sourceTree = "<group>";
		};
		E5BFB7D72CFF2F68005FD110 /* Products */ = {
			isa = PBXGroup;
			children = (
				E5BFB7D62CFF2F68005FD110 /* SwiftBridgePOC.app */,
				E5BFB7E62CFF2F6C005FD110 /* SwiftBridgePOCTests.xctest */,
				E5BFB7F02CFF2F6D005FD110 /* SwiftBridgePOCUITests.xctest */,
			);
			name = Products;
			sourceTree = "<group>";
		};
		E5BFB7D82CFF2F68005FD110 /* SwiftBridgePOC */ = {
			isa = PBXGroup;
			children = (
				E5BFB8092D0066AC005FD110 /* SwiftView.swift */,
				E5BFB7D92CFF2F68005FD110 /* SwiftBridgePOCApp.swift */,
				E5BFB7DD2CFF2F6C005FD110 /* Assets.xcassets */,
				E5BFB7DF2CFF2F6C005FD110 /* Preview Content */,
				DA4D4149B859DE60059B5C1F /* PrivacyInfo.xcprivacy */,
			);
			path = SwiftBridgePOC;
			sourceTree = "<group>";
		};
		E5BFB7DF2CFF2F6C005FD110 /* Preview Content */ = {
			isa = PBXGroup;
			children = (
				E5BFB7E02CFF2F6C005FD110 /* Preview Assets.xcassets */,
			);
			path = "Preview Content";
			sourceTree = "<group>";
		};
		E5BFB7E92CFF2F6C005FD110 /* SwiftBridgePOCTests */ = {
			isa = PBXGroup;
			children = (
				E5BFB7EA2CFF2F6C005FD110 /* SwiftBridgePOCTests.swift */,
			);
			path = SwiftBridgePOCTests;
			sourceTree = "<group>";
		};
		E5BFB7F32CFF2F6D005FD110 /* SwiftBridgePOCUITests */ = {
			isa = PBXGroup;
			children = (
				E5BFB7F42CFF2F6D005FD110 /* SwiftBridgePOCUITests.swift */,
				E5BFB7F62CFF2F6D005FD110 /* SwiftBridgePOCUITestsLaunchTests.swift */,
			);
			path = SwiftBridgePOCUITests;
			sourceTree = "<group>";
		};
/* End PBXGroup section */

/* Begin PBXNativeTarget section */
		E5BFB7D52CFF2F68005FD110 /* SwiftBridgePOC */ = {
			isa = PBXNativeTarget;
			buildConfigurationList = E5BFB7FA2CFF2F6D005FD110 /* Build configuration list for PBXNativeTarget "SwiftBridgePOC" */;
			buildPhases = (
				5A75403C157E9A866A1AB8AC /* [CP] Check Pods Manifest.lock */,
				E5BFB7D22CFF2F68005FD110 /* Sources */,
				E5BFB7D32CFF2F68005FD110 /* Frameworks */,
				E5BFB7D42CFF2F68005FD110 /* Resources */,
				27DAF3EC8202B0586BC32520 /* [CP] Embed Pods Frameworks */,
				4D082DA230F1F0F883B3D671 /* [CP] Copy Pods Resources */,
			);
			buildRules = (
			);
			dependencies = (
			);
			name = SwiftBridgePOC;
			productName = SwiftBridgePOC;
			productReference = E5BFB7D62CFF2F68005FD110 /* SwiftBridgePOC.app */;
			productType = "com.apple.product-type.application";
		};
		E5BFB7E52CFF2F6C005FD110 /* SwiftBridgePOCTests */ = {
			isa = PBXNativeTarget;
			buildConfigurationList = E5BFB7FD2CFF2F6D005FD110 /* Build configuration list for PBXNativeTarget "SwiftBridgePOCTests" */;
			buildPhases = (
				E5BFB7E22CFF2F6C005FD110 /* Sources */,
				E5BFB7E32CFF2F6C005FD110 /* Frameworks */,
				E5BFB7E42CFF2F6C005FD110 /* Resources */,
			);
			buildRules = (
			);
			dependencies = (
				E5BFB7E82CFF2F6C005FD110 /* PBXTargetDependency */,
			);
			name = SwiftBridgePOCTests;
			productName = SwiftBridgePOCTests;
			productReference = E5BFB7E62CFF2F6C005FD110 /* SwiftBridgePOCTests.xctest */;
			productType = "com.apple.product-type.bundle.unit-test";
		};
		E5BFB7EF2CFF2F6D005FD110 /* SwiftBridgePOCUITests */ = {
			isa = PBXNativeTarget;
			buildConfigurationList = E5BFB8002CFF2F6D005FD110 /* Build configuration list for PBXNativeTarget "SwiftBridgePOCUITests" */;
			buildPhases = (
				E5BFB7EC2CFF2F6D005FD110 /* Sources */,
				E5BFB7ED2CFF2F6D005FD110 /* Frameworks */,
				E5BFB7EE2CFF2F6D005FD110 /* Resources */,
			);
			buildRules = (
			);
			dependencies = (
				E5BFB7F22CFF2F6D005FD110 /* PBXTargetDependency */,
			);
			name = SwiftBridgePOCUITests;
			productName = SwiftBridgePOCUITests;
			productReference = E5BFB7F02CFF2F6D005FD110 /* SwiftBridgePOCUITests.xctest */;
			productType = "com.apple.product-type.bundle.ui-testing";
		};
/* End PBXNativeTarget section */

/* Begin PBXProject section */
		E5BFB7CE2CFF2F68005FD110 /* Project object */ = {
			isa = PBXProject;
			attributes = {
				BuildIndependentTargetsInParallel = 1;
				LastSwiftUpdateCheck = 1520;
				LastUpgradeCheck = 1520;
				TargetAttributes = {
					E5BFB7D52CFF2F68005FD110 = {
						CreatedOnToolsVersion = 15.2;
					};
					E5BFB7E52CFF2F6C005FD110 = {
						CreatedOnToolsVersion = 15.2;
						TestTargetID = E5BFB7D52CFF2F68005FD110;
					};
					E5BFB7EF2CFF2F6D005FD110 = {
						CreatedOnToolsVersion = 15.2;
						TestTargetID = E5BFB7D52CFF2F68005FD110;
					};
				};
			};
			buildConfigurationList = E5BFB7D12CFF2F68005FD110 /* Build configuration list for PBXProject "SwiftBridgePOC" */;
			compatibilityVersion = "Xcode 14.0";
			developmentRegion = en;
			hasScannedForEncodings = 0;
			knownRegions = (
				en,
				Base,
			);
			mainGroup = E5BFB7CD2CFF2F68005FD110;
			productRefGroup = E5BFB7D72CFF2F68005FD110 /* Products */;
			projectDirPath = "";
			projectRoot = "";
			targets = (
				E5BFB7D52CFF2F68005FD110 /* SwiftBridgePOC */,
				E5BFB7E52CFF2F6C005FD110 /* SwiftBridgePOCTests */,
				E5BFB7EF2CFF2F6D005FD110 /* SwiftBridgePOCUITests */,
			);
		};
/* End PBXProject section */

/* Begin PBXResourcesBuildPhase section */
		E5BFB7D42CFF2F68005FD110 /* Resources */ = {
			isa = PBXResourcesBuildPhase;
			buildActionMask = 2147483647;
			files = (
				E5BFB7E12CFF2F6C005FD110 /* Preview Assets.xcassets in Resources */,
				E5BFB7DE2CFF2F6C005FD110 /* Assets.xcassets in Resources */,
				F572C55BD379D433AA653CE2 /* PrivacyInfo.xcprivacy in Resources */,
			);
			runOnlyForDeploymentPostprocessing = 0;
		};
		E5BFB7E42CFF2F6C005FD110 /* Resources */ = {
			isa = PBXResourcesBuildPhase;
			buildActionMask = 2147483647;
			files = (
			);
			runOnlyForDeploymentPostprocessing = 0;
		};
		E5BFB7EE2CFF2F6D005FD110 /* Resources */ = {
			isa = PBXResourcesBuildPhase;
			buildActionMask = 2147483647;
			files = (
			);
			runOnlyForDeploymentPostprocessing = 0;
		};
/* End PBXResourcesBuildPhase section */

/* Begin PBXShellScriptBuildPhase section */
		27DAF3EC8202B0586BC32520 /* [CP] Embed Pods Frameworks */ = {
			isa = PBXShellScriptBuildPhase;
			buildActionMask = 2147483647;
			files = (
			);
			inputFileListPaths = (
				"${PODS_ROOT}/Target Support Files/Pods-SwiftBridgePOC/Pods-SwiftBridgePOC-frameworks-${CONFIGURATION}-input-files.xcfilelist",
			);
			name = "[CP] Embed Pods Frameworks";
			outputFileListPaths = (
				"${PODS_ROOT}/Target Support Files/Pods-SwiftBridgePOC/Pods-SwiftBridgePOC-frameworks-${CONFIGURATION}-output-files.xcfilelist",
			);
			runOnlyForDeploymentPostprocessing = 0;
			shellPath = /bin/sh;
			shellScript = "\"${PODS_ROOT}/Target Support Files/Pods-SwiftBridgePOC/Pods-SwiftBridgePOC-frameworks.sh\"\n";
			showEnvVarsInLog = 0;
		};
		4D082DA230F1F0F883B3D671 /* [CP] Copy Pods Resources */ = {
			isa = PBXShellScriptBuildPhase;
			buildActionMask = 2147483647;
			files = (
			);
			inputFileListPaths = (
				"${PODS_ROOT}/Target Support Files/Pods-SwiftBridgePOC/Pods-SwiftBridgePOC-resources-${CONFIGURATION}-input-files.xcfilelist",
			);
			name = "[CP] Copy Pods Resources";
			outputFileListPaths = (
				"${PODS_ROOT}/Target Support Files/Pods-SwiftBridgePOC/Pods-SwiftBridgePOC-resources-${CONFIGURATION}-output-files.xcfilelist",
			);
			runOnlyForDeploymentPostprocessing = 0;
			shellPath = /bin/sh;
			shellScript = "\"${PODS_ROOT}/Target Support Files/Pods-SwiftBridgePOC/Pods-SwiftBridgePOC-resources.sh\"\n";
			showEnvVarsInLog = 0;
		};
		5A75403C157E9A866A1AB8AC /* [CP] Check Pods Manifest.lock */ = {
			isa = PBXShellScriptBuildPhase;
			buildActionMask = 2147483647;
			files = (
			);
			inputFileListPaths = (
			);
			inputPaths = (
				"${PODS_PODFILE_DIR_PATH}/Podfile.lock",
				"${PODS_ROOT}/Manifest.lock",
			);
			name = "[CP] Check Pods Manifest.lock";
			outputFileListPaths = (
			);
			outputPaths = (
				"$(DERIVED_FILE_DIR)/Pods-SwiftBridgePOC-checkManifestLockResult.txt",
			);
			runOnlyForDeploymentPostprocessing = 0;
			shellPath = /bin/sh;
			shellScript = "diff \"${PODS_PODFILE_DIR_PATH}/Podfile.lock\" \"${PODS_ROOT}/Manifest.lock\" > /dev/null\nif [ $? != 0 ] ; then\n    # print error to STDERR\n    echo \"error: The sandbox is not in sync with the Podfile.lock. Run 'pod install' or update your CocoaPods installation.\" >&2\n    exit 1\nfi\n# This output is used by Xcode 'outputs' to avoid re-running this script phase.\necho \"SUCCESS\" > \"${SCRIPT_OUTPUT_FILE_0}\"\n";
			showEnvVarsInLog = 0;
		};
/* End PBXShellScriptBuildPhase section */

/* Begin PBXSourcesBuildPhase section */
		E5BFB7D22CFF2F68005FD110 /* Sources */ = {
			isa = PBXSourcesBuildPhase;
			buildActionMask = 2147483647;
			files = (
				E5BFB80A2D0066AC005FD110 /* SwiftView.swift in Sources */,
				E5BFB7DA2CFF2F68005FD110 /* SwiftBridgePOCApp.swift in Sources */,
			);
			runOnlyForDeploymentPostprocessing = 0;
		};
		E5BFB7E22CFF2F6C005FD110 /* Sources */ = {
			isa = PBXSourcesBuildPhase;
			buildActionMask = 2147483647;
			files = (
				E5BFB7EB2CFF2F6C005FD110 /* SwiftBridgePOCTests.swift in Sources */,
			);
			runOnlyForDeploymentPostprocessing = 0;
		};
		E5BFB7EC2CFF2F6D005FD110 /* Sources */ = {
			isa = PBXSourcesBuildPhase;
			buildActionMask = 2147483647;
			files = (
				E5BFB7F72CFF2F6D005FD110 /* SwiftBridgePOCUITestsLaunchTests.swift in Sources */,
				E5BFB7F52CFF2F6D005FD110 /* SwiftBridgePOCUITests.swift in Sources */,
			);
			runOnlyForDeploymentPostprocessing = 0;
		};
/* End PBXSourcesBuildPhase section */

/* Begin PBXTargetDependency section */
		E5BFB7E82CFF2F6C005FD110 /* PBXTargetDependency */ = {
			isa = PBXTargetDependency;
			target = E5BFB7D52CFF2F68005FD110 /* SwiftBridgePOC */;
			targetProxy = E5BFB7E72CFF2F6C005FD110 /* PBXContainerItemProxy */;
		};
		E5BFB7F22CFF2F6D005FD110 /* PBXTargetDependency */ = {
			isa = PBXTargetDependency;
			target = E5BFB7D52CFF2F68005FD110 /* SwiftBridgePOC */;
			targetProxy = E5BFB7F12CFF2F6D005FD110 /* PBXContainerItemProxy */;
		};
/* End PBXTargetDependency section */

/* Begin XCBuildConfiguration section */
		E5BFB7F82CFF2F6D005FD110 /* Debug */ = {
			isa = XCBuildConfiguration;
			buildSettings = {
				ALWAYS_SEARCH_USER_PATHS = NO;
				ASSETCATALOG_COMPILER_GENERATE_SWIFT_ASSET_SYMBOL_EXTENSIONS = YES;
				CLANG_ANALYZER_NONNULL = YES;
				CLANG_ANALYZER_NUMBER_OBJECT_CONVERSION = YES_AGGRESSIVE;
				CLANG_CXX_LANGUAGE_STANDARD = "c++20";
				CLANG_ENABLE_MODULES = YES;
				CLANG_ENABLE_OBJC_ARC = YES;
				CLANG_ENABLE_OBJC_WEAK = YES;
				CLANG_WARN_BLOCK_CAPTURE_AUTORELEASING = YES;
				CLANG_WARN_BOOL_CONVERSION = YES;
				CLANG_WARN_COMMA = YES;
				CLANG_WARN_CONSTANT_CONVERSION = YES;
				CLANG_WARN_DEPRECATED_OBJC_IMPLEMENTATIONS = YES;
				CLANG_WARN_DIRECT_OBJC_ISA_USAGE = YES_ERROR;
				CLANG_WARN_DOCUMENTATION_COMMENTS = YES;
				CLANG_WARN_EMPTY_BODY = YES;
				CLANG_WARN_ENUM_CONVERSION = YES;
				CLANG_WARN_INFINITE_RECURSION = YES;
				CLANG_WARN_INT_CONVERSION = YES;
				CLANG_WARN_NON_LITERAL_NULL_CONVERSION = YES;
				CLANG_WARN_OBJC_IMPLICIT_RETAIN_SELF = YES;
				CLANG_WARN_OBJC_LITERAL_CONVERSION = YES;
				CLANG_WARN_OBJC_ROOT_CLASS = YES_ERROR;
				CLANG_WARN_QUOTED_INCLUDE_IN_FRAMEWORK_HEADER = YES;
				CLANG_WARN_RANGE_LOOP_ANALYSIS = YES;
				CLANG_WARN_STRICT_PROTOTYPES = YES;
				CLANG_WARN_SUSPICIOUS_MOVE = YES;
				CLANG_WARN_UNGUARDED_AVAILABILITY = YES_AGGRESSIVE;
				CLANG_WARN_UNREACHABLE_CODE = YES;
				CLANG_WARN__DUPLICATE_METHOD_MATCH = YES;
				COPY_PHASE_STRIP = NO;
				DEBUG_INFORMATION_FORMAT = dwarf;
				ENABLE_STRICT_OBJC_MSGSEND = YES;
				ENABLE_TESTABILITY = YES;
				ENABLE_USER_SCRIPT_SANDBOXING = NO;
				"EXCLUDED_ARCHS[sdk=iphonesimulator*]" = i386;
				GCC_C_LANGUAGE_STANDARD = gnu17;
				GCC_DYNAMIC_NO_PIC = NO;
				GCC_NO_COMMON_BLOCKS = YES;
				GCC_OPTIMIZATION_LEVEL = 0;
				GCC_PREPROCESSOR_DEFINITIONS = (
					"DEBUG=1",
					"$(inherited)",
					_LIBCPP_ENABLE_CXX17_REMOVED_UNARY_BINARY_FUNCTION,
				);
				GCC_WARN_64_TO_32_BIT_CONVERSION = YES;
				GCC_WARN_ABOUT_RETURN_TYPE = YES_ERROR;
				GCC_WARN_UNDECLARED_SELECTOR = YES;
				GCC_WARN_UNINITIALIZED_AUTOS = YES_AGGRESSIVE;
				GCC_WARN_UNUSED_FUNCTION = YES;
				GCC_WARN_UNUSED_VARIABLE = YES;
				HEADER_SEARCH_PATHS = (
					"$(inherited)",
					"${PODS_CONFIGURATION_BUILD_DIR}/ReactCommon-Samples/ReactCommon_Samples.framework/Headers",
					"${PODS_CONFIGURATION_BUILD_DIR}/ReactCommon/ReactCommon.framework/Headers/react/nativemodule/core",
					"${PODS_CONFIGURATION_BUILD_DIR}/ReactCommon-Samples/ReactCommon_Samples.framework/Headers/platform/ios",
					"${PODS_CONFIGURATION_BUILD_DIR}/React-NativeModulesApple/React_NativeModulesApple.framework/Headers",
					"${PODS_CONFIGURATION_BUILD_DIR}/React-graphics/React_graphics.framework/Headers/react/renderer/graphics/platform/ios",
				);
				IPHONEOS_DEPLOYMENT_TARGET = 17.2;
				LOCALIZATION_PREFERS_STRING_CATALOGS = YES;
				MTL_ENABLE_DEBUG_INFO = INCLUDE_SOURCE;
				MTL_FAST_MATH = YES;
				ONLY_ACTIVE_ARCH = YES;
				OTHER_CFLAGS = "$(inherited)";
				OTHER_CPLUSPLUSFLAGS = "$(inherited)";
				OTHER_LDFLAGS = "$(inherited)";
				REACT_NATIVE_PATH = "${PODS_ROOT}/../../node_modules/react-native";
				SDKROOT = iphoneos;
				SWIFT_ACTIVE_COMPILATION_CONDITIONS = "$(inherited) DEBUG";
				SWIFT_OPTIMIZATION_LEVEL = "-Onone";
				USE_HERMES = true;
			};
			name = Debug;
		};
		E5BFB7F92CFF2F6D005FD110 /* Release */ = {
			isa = XCBuildConfiguration;
			buildSettings = {
				ALWAYS_SEARCH_USER_PATHS = NO;
				ASSETCATALOG_COMPILER_GENERATE_SWIFT_ASSET_SYMBOL_EXTENSIONS = YES;
				CLANG_ANALYZER_NONNULL = YES;
				CLANG_ANALYZER_NUMBER_OBJECT_CONVERSION = YES_AGGRESSIVE;
				CLANG_CXX_LANGUAGE_STANDARD = "c++20";
				CLANG_ENABLE_MODULES = YES;
				CLANG_ENABLE_OBJC_ARC = YES;
				CLANG_ENABLE_OBJC_WEAK = YES;
				CLANG_WARN_BLOCK_CAPTURE_AUTORELEASING = YES;
				CLANG_WARN_BOOL_CONVERSION = YES;
				CLANG_WARN_COMMA = YES;
				CLANG_WARN_CONSTANT_CONVERSION = YES;
				CLANG_WARN_DEPRECATED_OBJC_IMPLEMENTATIONS = YES;
				CLANG_WARN_DIRECT_OBJC_ISA_USAGE = YES_ERROR;
				CLANG_WARN_DOCUMENTATION_COMMENTS = YES;
				CLANG_WARN_EMPTY_BODY = YES;
				CLANG_WARN_ENUM_CONVERSION = YES;
				CLANG_WARN_INFINITE_RECURSION = YES;
				CLANG_WARN_INT_CONVERSION = YES;
				CLANG_WARN_NON_LITERAL_NULL_CONVERSION = YES;
				CLANG_WARN_OBJC_IMPLICIT_RETAIN_SELF = YES;
				CLANG_WARN_OBJC_LITERAL_CONVERSION = YES;
				CLANG_WARN_OBJC_ROOT_CLASS = YES_ERROR;
				CLANG_WARN_QUOTED_INCLUDE_IN_FRAMEWORK_HEADER = YES;
				CLANG_WARN_RANGE_LOOP_ANALYSIS = YES;
				CLANG_WARN_STRICT_PROTOTYPES = YES;
				CLANG_WARN_SUSPICIOUS_MOVE = YES;
				CLANG_WARN_UNGUARDED_AVAILABILITY = YES_AGGRESSIVE;
				CLANG_WARN_UNREACHABLE_CODE = YES;
				CLANG_WARN__DUPLICATE_METHOD_MATCH = YES;
				COPY_PHASE_STRIP = NO;
				DEBUG_INFORMATION_FORMAT = "dwarf-with-dsym";
				ENABLE_NS_ASSERTIONS = NO;
				ENABLE_STRICT_OBJC_MSGSEND = YES;
				ENABLE_USER_SCRIPT_SANDBOXING = NO;
				"EXCLUDED_ARCHS[sdk=iphonesimulator*]" = i386;
				GCC_C_LANGUAGE_STANDARD = gnu17;
				GCC_NO_COMMON_BLOCKS = YES;
				GCC_PREPROCESSOR_DEFINITIONS = (
					"$(inherited)",
					_LIBCPP_ENABLE_CXX17_REMOVED_UNARY_BINARY_FUNCTION,
				);
				GCC_WARN_64_TO_32_BIT_CONVERSION = YES;
				GCC_WARN_ABOUT_RETURN_TYPE = YES_ERROR;
				GCC_WARN_UNDECLARED_SELECTOR = YES;
				GCC_WARN_UNINITIALIZED_AUTOS = YES_AGGRESSIVE;
				GCC_WARN_UNUSED_FUNCTION = YES;
				GCC_WARN_UNUSED_VARIABLE = YES;
				HEADER_SEARCH_PATHS = (
					"$(inherited)",
					"${PODS_CONFIGURATION_BUILD_DIR}/ReactCommon-Samples/ReactCommon_Samples.framework/Headers",
					"${PODS_CONFIGURATION_BUILD_DIR}/ReactCommon/ReactCommon.framework/Headers/react/nativemodule/core",
					"${PODS_CONFIGURATION_BUILD_DIR}/ReactCommon-Samples/ReactCommon_Samples.framework/Headers/platform/ios",
					"${PODS_CONFIGURATION_BUILD_DIR}/React-NativeModulesApple/React_NativeModulesApple.framework/Headers",
					"${PODS_CONFIGURATION_BUILD_DIR}/React-graphics/React_graphics.framework/Headers/react/renderer/graphics/platform/ios",
				);
				IPHONEOS_DEPLOYMENT_TARGET = 17.2;
				LOCALIZATION_PREFERS_STRING_CATALOGS = YES;
				MTL_ENABLE_DEBUG_INFO = NO;
				MTL_FAST_MATH = YES;
				OTHER_CFLAGS = "$(inherited)";
				OTHER_CPLUSPLUSFLAGS = "$(inherited)";
				OTHER_LDFLAGS = "$(inherited)";
				REACT_NATIVE_PATH = "${PODS_ROOT}/../../node_modules/react-native";
				SDKROOT = iphoneos;
				SWIFT_COMPILATION_MODE = wholemodule;
				USE_HERMES = true;
				VALIDATE_PRODUCT = YES;
			};
			name = Release;
		};
		E5BFB7FB2CFF2F6D005FD110 /* Debug */ = {
			isa = XCBuildConfiguration;
			baseConfigurationReference = 130D42B9D0B167753449ACB5 /* Pods-SwiftBridgePOC.debug.xcconfig */;
			buildSettings = {
				ASSETCATALOG_COMPILER_APPICON_NAME = AppIcon;
				ASSETCATALOG_COMPILER_GLOBAL_ACCENT_COLOR_NAME = AccentColor;
				CODE_SIGN_STYLE = Automatic;
				CURRENT_PROJECT_VERSION = 1;
				DEVELOPMENT_ASSET_PATHS = "\"SwiftBridgePOC/Preview Content\"";
				DEVELOPMENT_TEAM = 2H8Q5C7BF8;
				ENABLE_PREVIEWS = YES;
				GENERATE_INFOPLIST_FILE = YES;
				INFOPLIST_KEY_UIApplicationSceneManifest_Generation = YES;
				INFOPLIST_KEY_UIApplicationSupportsIndirectInputEvents = YES;
				INFOPLIST_KEY_UILaunchScreen_Generation = YES;
				INFOPLIST_KEY_UISupportedInterfaceOrientations_iPad = "UIInterfaceOrientationPortrait UIInterfaceOrientationPortraitUpsideDown UIInterfaceOrientationLandscapeLeft UIInterfaceOrientationLandscapeRight";
				INFOPLIST_KEY_UISupportedInterfaceOrientations_iPhone = "UIInterfaceOrientationPortrait UIInterfaceOrientationLandscapeLeft UIInterfaceOrientationLandscapeRight";
				IPHONEOS_DEPLOYMENT_TARGET = 15.1;
				LD_RUNPATH_SEARCH_PATHS = (
					"$(inherited)",
					"@executable_path/Frameworks",
				);
				MARKETING_VERSION = 1.0;
				PRODUCT_BUNDLE_IDENTIFIER = com.swif.SwiftBridgePOC;
				PRODUCT_NAME = "$(TARGET_NAME)";
				SWIFT_EMIT_LOC_STRINGS = YES;
				SWIFT_VERSION = 5.0;
				TARGETED_DEVICE_FAMILY = "1,2";
			};
			name = Debug;
		};
		E5BFB7FC2CFF2F6D005FD110 /* Release */ = {
			isa = XCBuildConfiguration;
			baseConfigurationReference = E1457BF4CD72A35F46DB9866 /* Pods-SwiftBridgePOC.release.xcconfig */;
			buildSettings = {
				ASSETCATALOG_COMPILER_APPICON_NAME = AppIcon;
				ASSETCATALOG_COMPILER_GLOBAL_ACCENT_COLOR_NAME = AccentColor;
				CODE_SIGN_STYLE = Automatic;
				CURRENT_PROJECT_VERSION = 1;
				DEVELOPMENT_ASSET_PATHS = "\"SwiftBridgePOC/Preview Content\"";
				DEVELOPMENT_TEAM = 2H8Q5C7BF8;
				ENABLE_PREVIEWS = YES;
				GENERATE_INFOPLIST_FILE = YES;
				INFOPLIST_KEY_UIApplicationSceneManifest_Generation = YES;
				INFOPLIST_KEY_UIApplicationSupportsIndirectInputEvents = YES;
				INFOPLIST_KEY_UILaunchScreen_Generation = YES;
				INFOPLIST_KEY_UISupportedInterfaceOrientations_iPad = "UIInterfaceOrientationPortrait UIInterfaceOrientationPortraitUpsideDown UIInterfaceOrientationLandscapeLeft UIInterfaceOrientationLandscapeRight";
				INFOPLIST_KEY_UISupportedInterfaceOrientations_iPhone = "UIInterfaceOrientationPortrait UIInterfaceOrientationLandscapeLeft UIInterfaceOrientationLandscapeRight";
				IPHONEOS_DEPLOYMENT_TARGET = 15.1;
				LD_RUNPATH_SEARCH_PATHS = (
					"$(inherited)",
					"@executable_path/Frameworks",
				);
				MARKETING_VERSION = 1.0;
				PRODUCT_BUNDLE_IDENTIFIER = com.swif.SwiftBridgePOC;
				PRODUCT_NAME = "$(TARGET_NAME)";
				SWIFT_EMIT_LOC_STRINGS = YES;
				SWIFT_VERSION = 5.0;
				TARGETED_DEVICE_FAMILY = "1,2";
			};
			name = Release;
		};
		E5BFB7FE2CFF2F6D005FD110 /* Debug */ = {
			isa = XCBuildConfiguration;
			buildSettings = {
				ALWAYS_EMBED_SWIFT_STANDARD_LIBRARIES = YES;
				BUNDLE_LOADER = "$(TEST_HOST)";
				CODE_SIGN_STYLE = Automatic;
				CURRENT_PROJECT_VERSION = 1;
				GENERATE_INFOPLIST_FILE = YES;
				IPHONEOS_DEPLOYMENT_TARGET = 17.2;
				MARKETING_VERSION = 1.0;
				PRODUCT_BUNDLE_IDENTIFIER = com.swif.SwiftBridgePOCTests;
				PRODUCT_NAME = "$(TARGET_NAME)";
				SWIFT_EMIT_LOC_STRINGS = NO;
				SWIFT_VERSION = 5.0;
				TARGETED_DEVICE_FAMILY = "1,2";
				TEST_HOST = "$(BUILT_PRODUCTS_DIR)/SwiftBridgePOC.app/$(BUNDLE_EXECUTABLE_FOLDER_PATH)/SwiftBridgePOC";
			};
			name = Debug;
		};
		E5BFB7FF2CFF2F6D005FD110 /* Release */ = {
			isa = XCBuildConfiguration;
			buildSettings = {
				ALWAYS_EMBED_SWIFT_STANDARD_LIBRARIES = YES;
				BUNDLE_LOADER = "$(TEST_HOST)";
				CODE_SIGN_STYLE = Automatic;
				CURRENT_PROJECT_VERSION = 1;
				GENERATE_INFOPLIST_FILE = YES;
				IPHONEOS_DEPLOYMENT_TARGET = 17.2;
				MARKETING_VERSION = 1.0;
				PRODUCT_BUNDLE_IDENTIFIER = com.swif.SwiftBridgePOCTests;
				PRODUCT_NAME = "$(TARGET_NAME)";
				SWIFT_EMIT_LOC_STRINGS = NO;
				SWIFT_VERSION = 5.0;
				TARGETED_DEVICE_FAMILY = "1,2";
				TEST_HOST = "$(BUILT_PRODUCTS_DIR)/SwiftBridgePOC.app/$(BUNDLE_EXECUTABLE_FOLDER_PATH)/SwiftBridgePOC";
			};
			name = Release;
		};
		E5BFB8012CFF2F6D005FD110 /* Debug */ = {
			isa = XCBuildConfiguration;
			buildSettings = {
				ALWAYS_EMBED_SWIFT_STANDARD_LIBRARIES = YES;
				CODE_SIGN_STYLE = Automatic;
				CURRENT_PROJECT_VERSION = 1;
				GENERATE_INFOPLIST_FILE = YES;
				MARKETING_VERSION = 1.0;
				PRODUCT_BUNDLE_IDENTIFIER = com.swif.SwiftBridgePOCUITests;
				PRODUCT_NAME = "$(TARGET_NAME)";
				SWIFT_EMIT_LOC_STRINGS = NO;
				SWIFT_VERSION = 5.0;
				TARGETED_DEVICE_FAMILY = "1,2";
				TEST_TARGET_NAME = SwiftBridgePOC;
			};
			name = Debug;
		};
		E5BFB8022CFF2F6D005FD110 /* Release */ = {
			isa = XCBuildConfiguration;
			buildSettings = {
				ALWAYS_EMBED_SWIFT_STANDARD_LIBRARIES = YES;
				CODE_SIGN_STYLE = Automatic;
				CURRENT_PROJECT_VERSION = 1;
				GENERATE_INFOPLIST_FILE = YES;
				MARKETING_VERSION = 1.0;
				PRODUCT_BUNDLE_IDENTIFIER = com.swif.SwiftBridgePOCUITests;
				PRODUCT_NAME = "$(TARGET_NAME)";
				SWIFT_EMIT_LOC_STRINGS = NO;
				SWIFT_VERSION = 5.0;
				TARGETED_DEVICE_FAMILY = "1,2";
				TEST_TARGET_NAME = SwiftBridgePOC;
			};
			name = Release;
		};
/* End XCBuildConfiguration section */

/* Begin XCConfigurationList section */
		E5BFB7D12CFF2F68005FD110 /* Build configuration list for PBXProject "SwiftBridgePOC" */ = {
			isa = XCConfigurationList;
			buildConfigurations = (
				E5BFB7F82CFF2F6D005FD110 /* Debug */,
				E5BFB7F92CFF2F6D005FD110 /* Release */,
			);
			defaultConfigurationIsVisible = 0;
			defaultConfigurationName = Release;
		};
		E5BFB7FA2CFF2F6D005FD110 /* Build configuration list for PBXNativeTarget "SwiftBridgePOC" */ = {
			isa = XCConfigurationList;
			buildConfigurations = (
				E5BFB7FB2CFF2F6D005FD110 /* Debug */,
				E5BFB7FC2CFF2F6D005FD110 /* Release */,
			);
			defaultConfigurationIsVisible = 0;
			defaultConfigurationName = Release;
		};
		E5BFB7FD2CFF2F6D005FD110 /* Build configuration list for PBXNativeTarget "SwiftBridgePOCTests" */ = {
			isa = XCConfigurationList;
			buildConfigurations = (
				E5BFB7FE2CFF2F6D005FD110 /* Debug */,
				E5BFB7FF2CFF2F6D005FD110 /* Release */,
			);
			defaultConfigurationIsVisible = 0;
			defaultConfigurationName = Release;
		};
		E5BFB8002CFF2F6D005FD110 /* Build configuration list for PBXNativeTarget "SwiftBridgePOCUITests" */ = {
			isa = XCConfigurationList;
			buildConfigurations = (
				E5BFB8012CFF2F6D005FD110 /* Debug */,
				E5BFB8022CFF2F6D005FD110 /* Release */,
			);
			defaultConfigurationIsVisible = 0;
			defaultConfigurationName = Release;
		};
/* End XCConfigurationList section */
	};
	rootObject = E5BFB7CE2CFF2F68005FD110 /* Project object */;
}
